
Microsoft Visual Studio Solution File, Format Version 12.00
# Visual Studio Version 16
VisualStudioVersion = 16.0.30717.126
MinimumVisualStudioVersion = 10.0.40219.1
Project("{FAE04EC0-301F-11D3-BF4B-00C04F79EFBC}") = "TypeInterpreter", "TypeInterpreter\TypeInterpreter.csproj", "{C62F05C1-5EB2-4064-8FA3-58EB529F6681}"
EndProject
Global
	GlobalSection(SolutionConfigurationPlatforms) = preSolution
		Debug|Any CPU = Debug|Any CPU
		Release|Any CPU = Release|Any CPU
	EndGlobalSection
	GlobalSection(ProjectConfigurationPlatforms) = postSolution
		{C62F05C1-5EB2-4064-8FA3-58EB529F6681}.Debug|Any CPU.ActiveCfg = Debug|Any CPU
		{C62F05C1-5EB2-4064-8FA3-58EB529F6681}.Debug|Any CPU.Build.0 = Debug|Any CPU
		{C62F05C1-5EB2-4064-8FA3-58EB529F6681}.Release|Any CPU.ActiveCfg = Release|Any CPU
		{C62F05C1-5EB2-4064-8FA3-58EB529F6681}.Release|Any CPU.Build.0 = Release|Any CPU
	EndGlobalSection
	GlobalSection(SolutionProperties) = preSolution
		HideSolutionNode = FALSE
	EndGlobalSection
	GlobalSection(ExtensibilityGlobals) = postSolution
		SolutionGuid = {C2225255-86F9-459B-B01B-C29F2C06913C}
	EndGlobalSection
EndGlobal
